
Microsoft Visual Studio Solution File, Format Version 12.00
# Visual Studio Version 17
VisualStudioVersion = 17.4.33103.184
MinimumVisualStudioVersion = 10.0.40219.1
Project("{FAE04EC0-301F-11D3-BF4B-00C04F79EFBC}") = "CarRent", "CarRent\CarRent.csproj", "{014D1DC8-DE44-4102-BE14-2323420D5621}"
EndProject
Global
	GlobalSection(SolutionConfigurationPlatforms) = preSolution
		Debug|Any CPU = Debug|Any CPU
		Release|Any CPU = Release|Any CPU
	EndGlobalSection
	GlobalSection(ProjectConfigurationPlatforms) = postSolution
		{014D1DC8-DE44-4102-BE14-2323420D5621}.Debug|Any CPU.ActiveCfg = Debug|Any CPU
		{014D1DC8-DE44-4102-BE14-2323420D5621}.Debug|Any CPU.Build.0 = Debug|Any CPU
		{014D1DC8-DE44-4102-BE14-2323420D5621}.Release|Any CPU.ActiveCfg = Release|Any CPU
		{014D1DC8-DE44-4102-BE14-2323420D5621}.Release|Any CPU.Build.0 = Release|Any CPU
	EndGlobalSection
	GlobalSection(SolutionProperties) = preSolution
		HideSolutionNode = FALSE
	EndGlobalSection
	GlobalSection(ExtensibilityGlobals) = postSolution
		SolutionGuid = {B0DD7A1F-477C-4944-B9BF-D509BE2E310A}
	EndGlobalSection
EndGlobal
